{
    "name": "@changeLog",
    "version": "1.0.2",
    "lockfileVersion": 3,
    "requires": true,
    "packages": {
        "": {
            "name": "@changeLog",
            "version": "1.0.2",
            "license": "https://zpaper.com/terms-of-use/",
            "devDependencies": {}
        }
    }
}
